
Microsoft Visual Studio Solution File, Format Version 12.00
# Visual Studio Version 17
VisualStudioVersion = 17.1.32210.238
MinimumVisualStudioVersion = 10.0.40219.1
Project("{9A19103F-16F7-4668-BE54-9A1E7A4F7556}") = "R7R8MW_HFT_2021222.Client", "R7R8MW_HFT_2021222.Client\R7R8MW_HFT_2021222.Client.csproj", "{7106173D-53E2-4A67-A868-F0F01728EE0B}"
EndProject
Project("{FAE04EC0-301F-11D3-BF4B-00C04F79EFBC}") = "R7R8MW_HFT_2021222.Models", "R7R8MW_HFT_2021222.Models\R7R8MW_HFT_2021222.Models.csproj", "{AA0EECF6-9968-4403-AE06-E0CB3158A3BE}"
EndProject
Project("{FAE04EC0-301F-11D3-BF4B-00C04F79EFBC}") = "R7R8MW_HFT_2021222.Logic", "R7R8MW_HFT_2021222.Logic\R7R8MW_HFT_2021222.Logic.csproj", "{87C0918D-0CDA-4C60-BC46-7C1B72F1FDF5}"
EndProject
Project("{FAE04EC0-301F-11D3-BF4B-00C04F79EFBC}") = "R7R8MW_HFT_2021222.Repository", "R7R8MW_HFT_2021222.Repository\R7R8MW_HFT_2021222.Repository.csproj", "{97CD04E5-ABAD-418E-AD99-59A1F43B93D4}"
EndProject
Project("{FAE04EC0-301F-11D3-BF4B-00C04F79EFBC}") = "R7R8MW_HFT_2021222.Endpoint", "R7R8MW_HFT_2021222.Endpoint\R7R8MW_HFT_2021222.Endpoint.csproj", "{22F17FBB-6105-4ACC-A447-F5FCB553054B}"
EndProject
Project("{FAE04EC0-301F-11D3-BF4B-00C04F79EFBC}") = "R7R8MW_HFT_2021222.Test", "R7R8MW_HFT_2021222.Test\R7R8MW_HFT_2021222.Test.csproj", "{FAD46837-D990-4BB6-9A57-0AFE1AE90091}"
EndProject
Project("{2150E333-8FDC-42A3-9474-1A3956D46DE8}") = "Backend", "Backend", "{41EC4624-FBF3-4327-9ADA-3C169056E156}"
EndProject
Project("{2150E333-8FDC-42A3-9474-1A3956D46DE8}") = "Frontend", "Frontend", "{D1B80403-DE6E-4C39-AFBA-82BBF1E9207F}"
EndProject
Project("{2150E333-8FDC-42A3-9474-1A3956D46DE8}") = "Shared", "Shared", "{D77D4D7C-0DDF-43E5-A0DC-E74827D15E00}"
EndProject
Global
	GlobalSection(SolutionConfigurationPlatforms) = preSolution
		Debug|Any CPU = Debug|Any CPU
		Release|Any CPU = Release|Any CPU
	EndGlobalSection
	GlobalSection(ProjectConfigurationPlatforms) = postSolution
		{7106173D-53E2-4A67-A868-F0F01728EE0B}.Debug|Any CPU.ActiveCfg = Debug|Any CPU
		{7106173D-53E2-4A67-A868-F0F01728EE0B}.Debug|Any CPU.Build.0 = Debug|Any CPU
		{7106173D-53E2-4A67-A868-F0F01728EE0B}.Release|Any CPU.ActiveCfg = Release|Any CPU
		{7106173D-53E2-4A67-A868-F0F01728EE0B}.Release|Any CPU.Build.0 = Release|Any CPU
		{AA0EECF6-9968-4403-AE06-E0CB3158A3BE}.Debug|Any CPU.ActiveCfg = Debug|Any CPU
		{AA0EECF6-9968-4403-AE06-E0CB3158A3BE}.Debug|Any CPU.Build.0 = Debug|Any CPU
		{AA0EECF6-9968-4403-AE06-E0CB3158A3BE}.Release|Any CPU.ActiveCfg = Release|Any CPU
		{AA0EECF6-9968-4403-AE06-E0CB3158A3BE}.Release|Any CPU.Build.0 = Release|Any CPU
		{87C0918D-0CDA-4C60-BC46-7C1B72F1FDF5}.Debug|Any CPU.ActiveCfg = Debug|Any CPU
		{87C0918D-0CDA-4C60-BC46-7C1B72F1FDF5}.Debug|Any CPU.Build.0 = Debug|Any CPU
		{87C0918D-0CDA-4C60-BC46-7C1B72F1FDF5}.Release|Any CPU.ActiveCfg = Release|Any CPU
		{87C0918D-0CDA-4C60-BC46-7C1B72F1FDF5}.Release|Any CPU.Build.0 = Release|Any CPU
		{97CD04E5-ABAD-418E-AD99-59A1F43B93D4}.Debug|Any CPU.ActiveCfg = Debug|Any CPU
		{97CD04E5-ABAD-418E-AD99-59A1F43B93D4}.Debug|Any CPU.Build.0 = Debug|Any CPU
		{97CD04E5-ABAD-418E-AD99-59A1F43B93D4}.Release|Any CPU.ActiveCfg = Release|Any CPU
		{97CD04E5-ABAD-418E-AD99-59A1F43B93D4}.Release|Any CPU.Build.0 = Release|Any CPU
		{22F17FBB-6105-4ACC-A447-F5FCB553054B}.Debug|Any CPU.ActiveCfg = Debug|Any CPU
		{22F17FBB-6105-4ACC-A447-F5FCB553054B}.Debug|Any CPU.Build.0 = Debug|Any CPU
		{22F17FBB-6105-4ACC-A447-F5FCB553054B}.Release|Any CPU.ActiveCfg = Release|Any CPU
		{22F17FBB-6105-4ACC-A447-F5FCB553054B}.Release|Any CPU.Build.0 = Release|Any CPU
		{FAD46837-D990-4BB6-9A57-0AFE1AE90091}.Debug|Any CPU.ActiveCfg = Debug|Any CPU
		{FAD46837-D990-4BB6-9A57-0AFE1AE90091}.Debug|Any CPU.Build.0 = Debug|Any CPU
		{FAD46837-D990-4BB6-9A57-0AFE1AE90091}.Release|Any CPU.ActiveCfg = Release|Any CPU
		{FAD46837-D990-4BB6-9A57-0AFE1AE90091}.Release|Any CPU.Build.0 = Release|Any CPU
	EndGlobalSection
	GlobalSection(SolutionProperties) = preSolution
		HideSolutionNode = FALSE
	EndGlobalSection
	GlobalSection(NestedProjects) = preSolution
		{7106173D-53E2-4A67-A868-F0F01728EE0B} = {D1B80403-DE6E-4C39-AFBA-82BBF1E9207F}
		{AA0EECF6-9968-4403-AE06-E0CB3158A3BE} = {D77D4D7C-0DDF-43E5-A0DC-E74827D15E00}
		{87C0918D-0CDA-4C60-BC46-7C1B72F1FDF5} = {41EC4624-FBF3-4327-9ADA-3C169056E156}
		{97CD04E5-ABAD-418E-AD99-59A1F43B93D4} = {41EC4624-FBF3-4327-9ADA-3C169056E156}
		{22F17FBB-6105-4ACC-A447-F5FCB553054B} = {41EC4624-FBF3-4327-9ADA-3C169056E156}
		{FAD46837-D990-4BB6-9A57-0AFE1AE90091} = {41EC4624-FBF3-4327-9ADA-3C169056E156}
	EndGlobalSection
	GlobalSection(ExtensibilityGlobals) = postSolution
		SolutionGuid = {5EC16B15-1013-448E-AA3F-1B4312148C5E}
	EndGlobalSection
EndGlobal
